{
  "name": "nodejs-sdk",
  "version": "1.0.0",
  "lockfileVersion": 1,
  "requires": true,
  "dependencies": {
    "@alicloud/credentials": {
      "version": "2.2.1",
      "resolved": "https://registry.npmjs.org/@alicloud/credentials/-/credentials-2.2.1.tgz",
      "integrity": "sha512-N+1prwGoq/B38OzyY79tbFoUbPtnsYuC8a/JYAiP9/PtNLaT6nDDPpXa1h5jgfr9SmrPBif2KbmmJXdeVD6QZA==",
      "requires": {
        "@alicloud/tea-typescript": "^1.5.3",
        "httpx": "^2.2.0",
        "ini": "^1.3.5",
        "kitx": "^2.0.0"
      }
    },
    "@alicloud/endpoint-util": {
      "version": "0.0.1",
      "resolved": "https://registry.npmjs.org/@alicloud/endpoint-util/-/endpoint-util-0.0.1.tgz",
      "integrity": "sha512-+pH7/KEXup84cHzIL6UJAaPqETvln4yXlD9JzlrqioyCSaWxbug5FUobsiI6fuUOpw5WwoB3fWAtGbFnJ1K3Yg==",
      "requires": {
        "@alicloud/tea-typescript": "^1.5.1",
        "kitx": "^2.0.0"
      }
    },
    "@alicloud/openapi-client": {
      "version": "0.3.8",
      "resolved": "https://registry.npmjs.org/@alicloud/openapi-client/-/openapi-client-0.3.8.tgz",
      "integrity": "sha512-QuvK6MJtQejSOfUnsEUtdM5AYA8Ww9kV79VO1st5sFPYQWV4R8NXm2yr40Jq4UQmKN2ydlRfbys3ACJDocVfqQ==",
      "requires": {
        "@alicloud/credentials": "^2",
        "@alicloud/openapi-util": "^0.2.4",
        "@alicloud/tea-typescript": "^1.7.1",
        "@alicloud/tea-util": "^1.4.0"
      }
    },
    "@alicloud/openapi-util": {
      "version": "0.2.8",
      "resolved": "https://registry.npmjs.org/@alicloud/openapi-util/-/openapi-util-0.2.8.tgz",
      "integrity": "sha512-63UWzteiJrSBGyMATHsuREhLKt6amRalwwumG9ufvMEVSx52x+DdxY8WrM8wwHL8BWEmmBllWCMPZ3TVrwBI7A==",
      "requires": {
        "@alicloud/tea-typescript": "^1.7.1",
        "@alicloud/tea-util": "^1.3.0",
        "kitx": "^2.1.0",
        "sm3": "^1.0.3"
      }
    },
    "@alicloud/sts20150401": {
      "version": "1.1.0",
      "resolved": "https://registry.npmjs.org/@alicloud/sts20150401/-/sts20150401-1.1.0.tgz",
      "integrity": "sha512-ySulNSd2bTYkFGkNgEIANVq4PUh0DTtcCJAl/Fw6aKDLrGiww6jbdN0DC/8DT+eI5ck8qChtQmZkSGb2boNnGw==",
      "requires": {
        "@alicloud/endpoint-util": "^0.0.1",
        "@alicloud/openapi-client": "^0.3.5",
        "@alicloud/tea-typescript": "^1.7.1",
        "@alicloud/tea-util": "^1.4.0"
      }
    },
    "@alicloud/tea-typescript": {
      "version": "1.7.2",
      "resolved": "https://registry.npmjs.org/@alicloud/tea-typescript/-/tea-typescript-1.7.2.tgz",
      "integrity": "sha512-vDOU6qUp9ZAGlHSLC7lqVLgxUbmkcDXTEXyiIipvPWcq7dqwDDO6SeLlU7nBYI+yYWpbfOazEGkMTlHMhvA5Tw==",
      "requires": {
        "@types/node": "^12.0.2",
        "httpx": "^2.2.6"
      }
    },
    "@alicloud/tea-util": {
      "version": "1.4.2",
      "resolved": "https://registry.npmjs.org/@alicloud/tea-util/-/tea-util-1.4.2.tgz",
      "integrity": "sha512-k04Znin2uj2Ym36G4IRxUGbRk4+2ZK5fDM2EbQRDxcVCl5eMQLQ+AQ3+gNRzpJhm6ccFdPuw5p9Mww1IHisP0A==",
      "requires": {
        "@alicloud/tea-typescript": "^1.5.1",
        "kitx": "^2.0.0"
      }
    },
    "@types/node": {
      "version": "12.20.46",
      "resolved": "https://registry.npmjs.org/@types/node/-/node-12.20.46.tgz",
      "integrity": "sha512-cPjLXj8d6anFPzFvOPxS3fvly3Shm5nTfl6g8X5smexixbuGUf7hfr21J5tX9JW+UPStp/5P5R8qrKL5IyVJ+A=="
    },
    "debug": {
      "version": "4.3.3",
      "resolved": "https://registry.npmjs.org/debug/-/debug-4.3.3.tgz",
      "integrity": "sha512-/zxw5+vh1Tfv+4Qn7a5nsbcJKPaSvCDhojn6FEl9vupwK2VCSDtEiEtqr8DFtzYFOdz63LBkxec7DYuc2jon6Q==",
      "requires": {
        "ms": "2.1.2"
      }
    },
    "httpx": {
      "version": "2.2.7",
      "resolved": "https://registry.npmjs.org/httpx/-/httpx-2.2.7.tgz",
      "integrity": "sha512-Wjh2JOAah0pdczfqL8NC5378G7jMt0Zcpn8U+yyxAiejjlagzSTQgJHuVvka2VNPQlKfoGehYRc79WKq9E4gDw==",
      "requires": {
        "@types/node": "^14",
        "debug": "^4.1.1"
      },
      "dependencies": {
        "@types/node": {
          "version": "14.18.12",
          "resolved": "https://registry.npmjs.org/@types/node/-/node-14.18.12.tgz",
          "integrity": "sha512-q4jlIR71hUpWTnGhXWcakgkZeHa3CCjcQcnuzU8M891BAWA2jHiziiWEPEkdS5pFsz7H9HJiy8BrK7tBRNrY7A=="
        }
      }
    },
    "ini": {
      "version": "1.3.8",
      "resolved": "https://registry.npmjs.org/ini/-/ini-1.3.8.tgz",
      "integrity": "sha512-JV/yugV2uzW5iMRSiZAyDtQd+nxtUnjeLt0acNdw98kKLrvuRVyB80tsREOE7yvGVgalhZ6RNXCmEHkUKBKxew=="
    },
    "kitx": {
      "version": "2.1.0",
      "resolved": "https://registry.npmjs.org/kitx/-/kitx-2.1.0.tgz",
      "integrity": "sha512-C/5v9MtIX7aHGOjwn5BmrrbNkJSf7i0R5mRzmh13GSAdRqQ7bYQo/Su2pTYNylFicqKNTVX3HML9k1u8k51+pQ==",
      "requires": {
        "@types/node": "^12.0.2"
      }
    },
    "ms": {
      "version": "2.1.2",
      "resolved": "https://registry.npmjs.org/ms/-/ms-2.1.2.tgz",
      "integrity": "sha512-sGkPx+VjMtmA6MX27oA4FBFELFCZZ4S4XqeGOXCv68tT+jb3vk/RyaKWP0PTKyWtmLSM0b+adUTEvbs1PEaH2w=="
    },
    "sm3": {
      "version": "1.0.3",
      "resolved": "https://registry.npmjs.org/sm3/-/sm3-1.0.3.tgz",
      "integrity": "sha512-KyFkIfr8QBlFG3uc3NaljaXdYcsbRy1KrSfc4tsQV8jW68jAktGeOcifu530Vx/5LC+PULHT0Rv8LiI8Gw+c1g=="
    }
  }
}
